
Microsoft Visual Studio Solution File, Format Version 12.00
# Visual Studio Version 17
VisualStudioVersion = 17.9.34714.143
MinimumVisualStudioVersion = 10.0.40219.1
Project("{FAE04EC0-301F-11D3-BF4B-00C04F79EFBC}") = "pms.api", "pms.api\pms.api.csproj", "{2AD65D28-0A4F-467F-A06C-C02318F5E8B2}"
EndProject
Project("{FAE04EC0-301F-11D3-BF4B-00C04F79EFBC}") = "pms.domain", "pms.domain\pms.domain.csproj", "{A4C43DAA-817A-48F8-A2C4-5AD26B70ED0E}"
EndProject
Project("{FAE04EC0-301F-11D3-BF4B-00C04F79EFBC}") = "pms.common", "pms.common\pms.common.csproj", "{DDCF37A3-4801-4C5F-9889-0E7E3FF27ED5}"
EndProject
Project("{FAE04EC0-301F-11D3-BF4B-00C04F79EFBC}") = "pms.infrastructure", "pms.infrastructure\pms.infrastructure.csproj", "{4B7633E6-AC89-43B7-9BE6-A73DB83C8766}"
EndProject
Project("{FAE04EC0-301F-11D3-BF4B-00C04F79EFBC}") = "oms.tests", "oms.tests\oms.tests.csproj", "{7B4D3A28-DAA4-4A43-9F07-3D40410D3779}"
EndProject
Global
	GlobalSection(SolutionConfigurationPlatforms) = preSolution
		Debug|Any CPU = Debug|Any CPU
		Release|Any CPU = Release|Any CPU
	EndGlobalSection
	GlobalSection(ProjectConfigurationPlatforms) = postSolution
		{2AD65D28-0A4F-467F-A06C-C02318F5E8B2}.Debug|Any CPU.ActiveCfg = Debug|Any CPU
		{2AD65D28-0A4F-467F-A06C-C02318F5E8B2}.Debug|Any CPU.Build.0 = Debug|Any CPU
		{2AD65D28-0A4F-467F-A06C-C02318F5E8B2}.Release|Any CPU.ActiveCfg = Release|Any CPU
		{2AD65D28-0A4F-467F-A06C-C02318F5E8B2}.Release|Any CPU.Build.0 = Release|Any CPU
		{A4C43DAA-817A-48F8-A2C4-5AD26B70ED0E}.Debug|Any CPU.ActiveCfg = Debug|Any CPU
		{A4C43DAA-817A-48F8-A2C4-5AD26B70ED0E}.Debug|Any CPU.Build.0 = Debug|Any CPU
		{A4C43DAA-817A-48F8-A2C4-5AD26B70ED0E}.Release|Any CPU.ActiveCfg = Release|Any CPU
		{A4C43DAA-817A-48F8-A2C4-5AD26B70ED0E}.Release|Any CPU.Build.0 = Release|Any CPU
		{DDCF37A3-4801-4C5F-9889-0E7E3FF27ED5}.Debug|Any CPU.ActiveCfg = Debug|Any CPU
		{DDCF37A3-4801-4C5F-9889-0E7E3FF27ED5}.Debug|Any CPU.Build.0 = Debug|Any CPU
		{DDCF37A3-4801-4C5F-9889-0E7E3FF27ED5}.Release|Any CPU.ActiveCfg = Release|Any CPU
		{DDCF37A3-4801-4C5F-9889-0E7E3FF27ED5}.Release|Any CPU.Build.0 = Release|Any CPU
		{4B7633E6-AC89-43B7-9BE6-A73DB83C8766}.Debug|Any CPU.ActiveCfg = Debug|Any CPU
		{4B7633E6-AC89-43B7-9BE6-A73DB83C8766}.Debug|Any CPU.Build.0 = Debug|Any CPU
		{4B7633E6-AC89-43B7-9BE6-A73DB83C8766}.Release|Any CPU.ActiveCfg = Release|Any CPU
		{4B7633E6-AC89-43B7-9BE6-A73DB83C8766}.Release|Any CPU.Build.0 = Release|Any CPU
		{7B4D3A28-DAA4-4A43-9F07-3D40410D3779}.Debug|Any CPU.ActiveCfg = Debug|Any CPU
		{7B4D3A28-DAA4-4A43-9F07-3D40410D3779}.Debug|Any CPU.Build.0 = Debug|Any CPU
		{7B4D3A28-DAA4-4A43-9F07-3D40410D3779}.Release|Any CPU.ActiveCfg = Release|Any CPU
		{7B4D3A28-DAA4-4A43-9F07-3D40410D3779}.Release|Any CPU.Build.0 = Release|Any CPU
	EndGlobalSection
	GlobalSection(SolutionProperties) = preSolution
		HideSolutionNode = FALSE
	EndGlobalSection
	GlobalSection(ExtensibilityGlobals) = postSolution
		SolutionGuid = {CC7F1418-39FB-4648-A78C-046685857FEB}
	EndGlobalSection
EndGlobal
